
Microsoft Visual Studio Solution File, Format Version 12.00
# Visual Studio Version 17
VisualStudioVersion = 17.5.33414.496
MinimumVisualStudioVersion = 10.0.40219.1
Project("{FAE04EC0-301F-11D3-BF4B-00C04F79EFBC}") = "Windows Cleanup", "Windows Cleanup.csproj", "{289A670B-6183-4261-900D-002554CD3C17}"
EndProject
Global
	GlobalSection(SolutionConfigurationPlatforms) = preSolution
		Debug|Any CPU = Debug|Any CPU
		Release|Any CPU = Release|Any CPU
	EndGlobalSection
	GlobalSection(ProjectConfigurationPlatforms) = postSolution
		{289A670B-6183-4261-900D-002554CD3C17}.Debug|Any CPU.ActiveCfg = Debug|Any CPU
		{289A670B-6183-4261-900D-002554CD3C17}.Debug|Any CPU.Build.0 = Debug|Any CPU
		{289A670B-6183-4261-900D-002554CD3C17}.Release|Any CPU.ActiveCfg = Release|Any CPU
		{289A670B-6183-4261-900D-002554CD3C17}.Release|Any CPU.Build.0 = Release|Any CPU
	EndGlobalSection
	GlobalSection(SolutionProperties) = preSolution
		HideSolutionNode = FALSE
	EndGlobalSection
	GlobalSection(ExtensibilityGlobals) = postSolution
		SolutionGuid = {8852D89F-5D88-4081-8828-7B51090F2E82}
	EndGlobalSection
EndGlobal
